
Microsoft Visual Studio Solution File, Format Version 12.00
# Visual Studio Version 17
VisualStudioVersion = 17.10.35013.160
MinimumVisualStudioVersion = 10.0.40219.1
Project("{9A19103F-16F7-4668-BE54-9A1E7A4F7556}") = "NotificationSystem.Web", "NotificationService\NotificationSystem.Web.csproj", "{4B720E9B-3DC7-451A-870C-97D6091182CF}"
	ProjectSection(ProjectDependencies) = postProject
		{6609FCE1-30A1-49A3-9382-3CF96AFD3326} = {6609FCE1-30A1-49A3-9382-3CF96AFD3326}
		{69D41C20-B4A5-45BE-9FF9-6DCA406DFA6C} = {69D41C20-B4A5-45BE-9FF9-6DCA406DFA6C}
		{AE737205-4D15-45CC-B1A3-A7FB3DE53E9A} = {AE737205-4D15-45CC-B1A3-A7FB3DE53E9A}
	EndProjectSection
EndProject
Project("{9A19103F-16F7-4668-BE54-9A1E7A4F7556}") = "NotificationSystem.Business", "NotificationService.Business\NotificationSystem.Business.csproj", "{69D41C20-B4A5-45BE-9FF9-6DCA406DFA6C}"
	ProjectSection(ProjectDependencies) = postProject
		{27B81E54-B892-4D0A-ADC5-7544D958E3C2} = {27B81E54-B892-4D0A-ADC5-7544D958E3C2}
		{6609FCE1-30A1-49A3-9382-3CF96AFD3326} = {6609FCE1-30A1-49A3-9382-3CF96AFD3326}
		{834AFC05-DB87-416D-B435-C3CF9B2E0771} = {834AFC05-DB87-416D-B435-C3CF9B2E0771}
		{85A3B5D8-D4BE-4C69-AE9F-BAD58B1F0D26} = {85A3B5D8-D4BE-4C69-AE9F-BAD58B1F0D26}
		{AE737205-4D15-45CC-B1A3-A7FB3DE53E9A} = {AE737205-4D15-45CC-B1A3-A7FB3DE53E9A}
	EndProjectSection
EndProject
Project("{9A19103F-16F7-4668-BE54-9A1E7A4F7556}") = "NotificationSystem.Clients", "NotificationService.Clients\NotificationSystem.Clients.csproj", "{6609FCE1-30A1-49A3-9382-3CF96AFD3326}"
EndProject
Project("{9A19103F-16F7-4668-BE54-9A1E7A4F7556}") = "NotificationSystem.Infrastructure", "NotificationSystem.Infrastructure\NotificationSystem.Infrastructure.csproj", "{834AFC05-DB87-416D-B435-C3CF9B2E0771}"
	ProjectSection(ProjectDependencies) = postProject
		{AE737205-4D15-45CC-B1A3-A7FB3DE53E9A} = {AE737205-4D15-45CC-B1A3-A7FB3DE53E9A}
	EndProjectSection
EndProject
Project("{9A19103F-16F7-4668-BE54-9A1E7A4F7556}") = "NotificationSystem.Common", "NotificationSystem.Common\NotificationSystem.Common.csproj", "{85A3B5D8-D4BE-4C69-AE9F-BAD58B1F0D26}"
EndProject
Project("{FAE04EC0-301F-11D3-BF4B-00C04F79EFBC}") = "NotificationSystem.Exceptions", "NotificationSystem.Exceptions\NotificationSystem.Exceptions.csproj", "{27B81E54-B892-4D0A-ADC5-7544D958E3C2}"
EndProject
Project("{FAE04EC0-301F-11D3-BF4B-00C04F79EFBC}") = "NotificationSystem.Contracts", "NotificationSystem.Contracts\NotificationSystem.Contracts.csproj", "{AE737205-4D15-45CC-B1A3-A7FB3DE53E9A}"
EndProject
Project("{FAE04EC0-301F-11D3-BF4B-00C04F79EFBC}") = "NotificationSystem.Tests", "NotificationSystem.Tests\NotificationSystem.Tests.csproj", "{7C360CB9-721D-4863-B136-4C82959B70AE}"
EndProject
Project("{FAE04EC0-301F-11D3-BF4B-00C04F79EFBC}") = "NotificationSystem.Worker", "NotificationSystem.Worker\NotificationSystem.Worker.csproj", "{452BF3FE-D0FE-46A8-824D-B1CDF6C5F228}"
	ProjectSection(ProjectDependencies) = postProject
		{69D41C20-B4A5-45BE-9FF9-6DCA406DFA6C} = {69D41C20-B4A5-45BE-9FF9-6DCA406DFA6C}
		{834AFC05-DB87-416D-B435-C3CF9B2E0771} = {834AFC05-DB87-416D-B435-C3CF9B2E0771}
		{85A3B5D8-D4BE-4C69-AE9F-BAD58B1F0D26} = {85A3B5D8-D4BE-4C69-AE9F-BAD58B1F0D26}
		{AE737205-4D15-45CC-B1A3-A7FB3DE53E9A} = {AE737205-4D15-45CC-B1A3-A7FB3DE53E9A}
	EndProjectSection
EndProject
Global
	GlobalSection(SolutionConfigurationPlatforms) = preSolution
		Debug|Any CPU = Debug|Any CPU
		Release|Any CPU = Release|Any CPU
	EndGlobalSection
	GlobalSection(ProjectConfigurationPlatforms) = postSolution
		{4B720E9B-3DC7-451A-870C-97D6091182CF}.Debug|Any CPU.ActiveCfg = Debug|Any CPU
		{4B720E9B-3DC7-451A-870C-97D6091182CF}.Debug|Any CPU.Build.0 = Debug|Any CPU
		{4B720E9B-3DC7-451A-870C-97D6091182CF}.Release|Any CPU.ActiveCfg = Release|Any CPU
		{4B720E9B-3DC7-451A-870C-97D6091182CF}.Release|Any CPU.Build.0 = Release|Any CPU
		{69D41C20-B4A5-45BE-9FF9-6DCA406DFA6C}.Debug|Any CPU.ActiveCfg = Debug|Any CPU
		{69D41C20-B4A5-45BE-9FF9-6DCA406DFA6C}.Debug|Any CPU.Build.0 = Debug|Any CPU
		{69D41C20-B4A5-45BE-9FF9-6DCA406DFA6C}.Release|Any CPU.ActiveCfg = Release|Any CPU
		{69D41C20-B4A5-45BE-9FF9-6DCA406DFA6C}.Release|Any CPU.Build.0 = Release|Any CPU
		{6609FCE1-30A1-49A3-9382-3CF96AFD3326}.Debug|Any CPU.ActiveCfg = Debug|Any CPU
		{6609FCE1-30A1-49A3-9382-3CF96AFD3326}.Debug|Any CPU.Build.0 = Debug|Any CPU
		{6609FCE1-30A1-49A3-9382-3CF96AFD3326}.Release|Any CPU.ActiveCfg = Release|Any CPU
		{6609FCE1-30A1-49A3-9382-3CF96AFD3326}.Release|Any CPU.Build.0 = Release|Any CPU
		{834AFC05-DB87-416D-B435-C3CF9B2E0771}.Debug|Any CPU.ActiveCfg = Debug|Any CPU
		{834AFC05-DB87-416D-B435-C3CF9B2E0771}.Debug|Any CPU.Build.0 = Debug|Any CPU
		{834AFC05-DB87-416D-B435-C3CF9B2E0771}.Release|Any CPU.ActiveCfg = Release|Any CPU
		{834AFC05-DB87-416D-B435-C3CF9B2E0771}.Release|Any CPU.Build.0 = Release|Any CPU
		{85A3B5D8-D4BE-4C69-AE9F-BAD58B1F0D26}.Debug|Any CPU.ActiveCfg = Debug|Any CPU
		{85A3B5D8-D4BE-4C69-AE9F-BAD58B1F0D26}.Debug|Any CPU.Build.0 = Debug|Any CPU
		{85A3B5D8-D4BE-4C69-AE9F-BAD58B1F0D26}.Release|Any CPU.ActiveCfg = Release|Any CPU
		{85A3B5D8-D4BE-4C69-AE9F-BAD58B1F0D26}.Release|Any CPU.Build.0 = Release|Any CPU
		{27B81E54-B892-4D0A-ADC5-7544D958E3C2}.Debug|Any CPU.ActiveCfg = Debug|Any CPU
		{27B81E54-B892-4D0A-ADC5-7544D958E3C2}.Debug|Any CPU.Build.0 = Debug|Any CPU
		{27B81E54-B892-4D0A-ADC5-7544D958E3C2}.Release|Any CPU.ActiveCfg = Release|Any CPU
		{27B81E54-B892-4D0A-ADC5-7544D958E3C2}.Release|Any CPU.Build.0 = Release|Any CPU
		{AE737205-4D15-45CC-B1A3-A7FB3DE53E9A}.Debug|Any CPU.ActiveCfg = Debug|Any CPU
		{AE737205-4D15-45CC-B1A3-A7FB3DE53E9A}.Debug|Any CPU.Build.0 = Debug|Any CPU
		{AE737205-4D15-45CC-B1A3-A7FB3DE53E9A}.Release|Any CPU.ActiveCfg = Release|Any CPU
		{AE737205-4D15-45CC-B1A3-A7FB3DE53E9A}.Release|Any CPU.Build.0 = Release|Any CPU
		{7C360CB9-721D-4863-B136-4C82959B70AE}.Debug|Any CPU.ActiveCfg = Debug|Any CPU
		{7C360CB9-721D-4863-B136-4C82959B70AE}.Debug|Any CPU.Build.0 = Debug|Any CPU
		{7C360CB9-721D-4863-B136-4C82959B70AE}.Release|Any CPU.ActiveCfg = Release|Any CPU
		{7C360CB9-721D-4863-B136-4C82959B70AE}.Release|Any CPU.Build.0 = Release|Any CPU
		{452BF3FE-D0FE-46A8-824D-B1CDF6C5F228}.Debug|Any CPU.ActiveCfg = Debug|Any CPU
		{452BF3FE-D0FE-46A8-824D-B1CDF6C5F228}.Debug|Any CPU.Build.0 = Debug|Any CPU
		{452BF3FE-D0FE-46A8-824D-B1CDF6C5F228}.Release|Any CPU.ActiveCfg = Release|Any CPU
		{452BF3FE-D0FE-46A8-824D-B1CDF6C5F228}.Release|Any CPU.Build.0 = Release|Any CPU
	EndGlobalSection
	GlobalSection(SolutionProperties) = preSolution
		HideSolutionNode = FALSE
	EndGlobalSection
	GlobalSection(ExtensibilityGlobals) = postSolution
		SolutionGuid = {D8BE7B9F-8CAA-4E90-B628-6935EC860BC0}
	EndGlobalSection
EndGlobal
